
Microsoft Visual Studio Solution File, Format Version 12.00
# Visual Studio Version 16
VisualStudioVersion = 16.0.28803.352
MinimumVisualStudioVersion = 10.0.40219.1
Project("{FAE04EC0-301F-11D3-BF4B-00C04F79EFBC}") = "AsyncEmailer", "AsyncEmailer\AsyncEmailer.csproj", "{A6D7A90D-1AED-4900-9893-555D5602EC93}"
EndProject
Project("{FAE04EC0-301F-11D3-BF4B-00C04F79EFBC}") = "ExcelIntegration", "ExcelIntegration\ExcelIntegration.csproj", "{ECC94153-5812-4C01-BDB9-2B887BF1460C}"
EndProject
Project("{FAE04EC0-301F-11D3-BF4B-00C04F79EFBC}") = "CouchBaseCaching", "CouchBaseCaching\CouchBaseCaching.csproj", "{2E70F63E-42E7-48EF-95A0-14EB337791D8}"
EndProject
Project("{FAE04EC0-301F-11D3-BF4B-00C04F79EFBC}") = "LogToGraylog", "LogToGraylog\LogToGraylog.csproj", "{0BFC0B12-1063-48EF-998A-718A4ED04E6B}"
EndProject
Project("{FAE04EC0-301F-11D3-BF4B-00C04F79EFBC}") = "WWI", "WWI\WWI.csproj", "{5F6E3EF0-2A7D-4AB3-9AE8-C7A0A64BEB2F}"
EndProject
Project("{FAE04EC0-301F-11D3-BF4B-00C04F79EFBC}") = "ReadPDF", "PDFReader\ReadPDF.csproj", "{4F54C6F2-D97B-46BB-B1E1-3FCAE0307381}"
EndProject
Project("{9A19103F-16F7-4668-BE54-9A1E7A4F7556}") = "MassTransitConsumer", "DotNetCoreConsole\MassTransitConsumer\MassTransitConsumer.csproj", "{FC34C070-2AE8-4B33-893F-D0B0B0D547A1}"
EndProject
Project("{9A19103F-16F7-4668-BE54-9A1E7A4F7556}") = "DotNetCoreConsole", "DotNetCoreConsole\DotNetCoreConsole\DotNetCoreConsole.csproj", "{3E4A8765-5E43-4FD4-839F-F996284838D7}"
EndProject
Project("{9A19103F-16F7-4668-BE54-9A1E7A4F7556}") = "CoreMvcWebsite", "DotNetCoreConsole\CoreMvcWebsite\CoreMvcWebsite.csproj", "{36BE398E-9CB0-4007-A6FF-4A9D59BD65E2}"
EndProject
Project("{9092AA53-FB77-4645-B42D-1CCCA6BD08BD}") = "NodejsTypescript", "NodejsTypescript\NodejsTypescript.njsproj", "{5D44DCD0-CF1D-4D74-BA3F-AA1A8FCF9EF3}"
EndProject
Project("{9A19103F-16F7-4668-BE54-9A1E7A4F7556}") = "DockerWebApi", "DockerWebApi\DockerWebApi.csproj", "{8FFBB354-2633-47C4-AF94-2D04ED66D66B}"
EndProject
Project("{9A19103F-16F7-4668-BE54-9A1E7A4F7556}") = "My.Service", "My.Service\My.Service.csproj", "{021A2104-38DE-4293-A63F-1F62D45864B9}"
EndProject
Project("{9A19103F-16F7-4668-BE54-9A1E7A4F7556}") = "RabbitMQDemo", "RabbitMQDemo\RabbitMQDemo.csproj", "{59B70CAE-C3BF-4AA9-920B-864C1FD242F8}"
EndProject
Project("{9A19103F-16F7-4668-BE54-9A1E7A4F7556}") = "RabbitMqDemoSubscriber", "RabbitMqDemoSubscriber\RabbitMqDemoSubscriber.csproj", "{5B7FE3AC-360D-4B44-B75F-440B5F761947}"
EndProject
Global
	GlobalSection(SolutionConfigurationPlatforms) = preSolution
		Debug|Any CPU = Debug|Any CPU
		Release|Any CPU = Release|Any CPU
	EndGlobalSection
	GlobalSection(ProjectConfigurationPlatforms) = postSolution
		{A6D7A90D-1AED-4900-9893-555D5602EC93}.Debug|Any CPU.ActiveCfg = Debug|Any CPU
		{A6D7A90D-1AED-4900-9893-555D5602EC93}.Debug|Any CPU.Build.0 = Debug|Any CPU
		{A6D7A90D-1AED-4900-9893-555D5602EC93}.Release|Any CPU.ActiveCfg = Release|Any CPU
		{A6D7A90D-1AED-4900-9893-555D5602EC93}.Release|Any CPU.Build.0 = Release|Any CPU
		{ECC94153-5812-4C01-BDB9-2B887BF1460C}.Debug|Any CPU.ActiveCfg = Debug|Any CPU
		{ECC94153-5812-4C01-BDB9-2B887BF1460C}.Debug|Any CPU.Build.0 = Debug|Any CPU
		{ECC94153-5812-4C01-BDB9-2B887BF1460C}.Release|Any CPU.ActiveCfg = Release|Any CPU
		{ECC94153-5812-4C01-BDB9-2B887BF1460C}.Release|Any CPU.Build.0 = Release|Any CPU
		{2E70F63E-42E7-48EF-95A0-14EB337791D8}.Debug|Any CPU.ActiveCfg = Debug|Any CPU
		{2E70F63E-42E7-48EF-95A0-14EB337791D8}.Debug|Any CPU.Build.0 = Debug|Any CPU
		{2E70F63E-42E7-48EF-95A0-14EB337791D8}.Release|Any CPU.ActiveCfg = Release|Any CPU
		{2E70F63E-42E7-48EF-95A0-14EB337791D8}.Release|Any CPU.Build.0 = Release|Any CPU
		{0BFC0B12-1063-48EF-998A-718A4ED04E6B}.Debug|Any CPU.ActiveCfg = Debug|Any CPU
		{0BFC0B12-1063-48EF-998A-718A4ED04E6B}.Debug|Any CPU.Build.0 = Debug|Any CPU
		{0BFC0B12-1063-48EF-998A-718A4ED04E6B}.Release|Any CPU.ActiveCfg = Release|Any CPU
		{0BFC0B12-1063-48EF-998A-718A4ED04E6B}.Release|Any CPU.Build.0 = Release|Any CPU
		{5F6E3EF0-2A7D-4AB3-9AE8-C7A0A64BEB2F}.Debug|Any CPU.ActiveCfg = Debug|Any CPU
		{5F6E3EF0-2A7D-4AB3-9AE8-C7A0A64BEB2F}.Debug|Any CPU.Build.0 = Debug|Any CPU
		{5F6E3EF0-2A7D-4AB3-9AE8-C7A0A64BEB2F}.Release|Any CPU.ActiveCfg = Release|Any CPU
		{5F6E3EF0-2A7D-4AB3-9AE8-C7A0A64BEB2F}.Release|Any CPU.Build.0 = Release|Any CPU
		{4F54C6F2-D97B-46BB-B1E1-3FCAE0307381}.Debug|Any CPU.ActiveCfg = Debug|Any CPU
		{4F54C6F2-D97B-46BB-B1E1-3FCAE0307381}.Debug|Any CPU.Build.0 = Debug|Any CPU
		{4F54C6F2-D97B-46BB-B1E1-3FCAE0307381}.Release|Any CPU.ActiveCfg = Release|Any CPU
		{4F54C6F2-D97B-46BB-B1E1-3FCAE0307381}.Release|Any CPU.Build.0 = Release|Any CPU
		{FC34C070-2AE8-4B33-893F-D0B0B0D547A1}.Debug|Any CPU.ActiveCfg = Debug|Any CPU
		{FC34C070-2AE8-4B33-893F-D0B0B0D547A1}.Debug|Any CPU.Build.0 = Debug|Any CPU
		{FC34C070-2AE8-4B33-893F-D0B0B0D547A1}.Release|Any CPU.ActiveCfg = Release|Any CPU
		{FC34C070-2AE8-4B33-893F-D0B0B0D547A1}.Release|Any CPU.Build.0 = Release|Any CPU
		{3E4A8765-5E43-4FD4-839F-F996284838D7}.Debug|Any CPU.ActiveCfg = Debug|Any CPU
		{3E4A8765-5E43-4FD4-839F-F996284838D7}.Debug|Any CPU.Build.0 = Debug|Any CPU
		{3E4A8765-5E43-4FD4-839F-F996284838D7}.Release|Any CPU.ActiveCfg = Release|Any CPU
		{3E4A8765-5E43-4FD4-839F-F996284838D7}.Release|Any CPU.Build.0 = Release|Any CPU
		{36BE398E-9CB0-4007-A6FF-4A9D59BD65E2}.Debug|Any CPU.ActiveCfg = Debug|Any CPU
		{36BE398E-9CB0-4007-A6FF-4A9D59BD65E2}.Debug|Any CPU.Build.0 = Debug|Any CPU
		{36BE398E-9CB0-4007-A6FF-4A9D59BD65E2}.Release|Any CPU.ActiveCfg = Release|Any CPU
		{36BE398E-9CB0-4007-A6FF-4A9D59BD65E2}.Release|Any CPU.Build.0 = Release|Any CPU
		{5D44DCD0-CF1D-4D74-BA3F-AA1A8FCF9EF3}.Debug|Any CPU.ActiveCfg = Debug|Any CPU
		{5D44DCD0-CF1D-4D74-BA3F-AA1A8FCF9EF3}.Debug|Any CPU.Build.0 = Debug|Any CPU
		{5D44DCD0-CF1D-4D74-BA3F-AA1A8FCF9EF3}.Release|Any CPU.ActiveCfg = Release|Any CPU
		{5D44DCD0-CF1D-4D74-BA3F-AA1A8FCF9EF3}.Release|Any CPU.Build.0 = Release|Any CPU
		{8FFBB354-2633-47C4-AF94-2D04ED66D66B}.Debug|Any CPU.ActiveCfg = Debug|Any CPU
		{8FFBB354-2633-47C4-AF94-2D04ED66D66B}.Debug|Any CPU.Build.0 = Debug|Any CPU
		{8FFBB354-2633-47C4-AF94-2D04ED66D66B}.Release|Any CPU.ActiveCfg = Release|Any CPU
		{8FFBB354-2633-47C4-AF94-2D04ED66D66B}.Release|Any CPU.Build.0 = Release|Any CPU
		{021A2104-38DE-4293-A63F-1F62D45864B9}.Debug|Any CPU.ActiveCfg = Debug|Any CPU
		{021A2104-38DE-4293-A63F-1F62D45864B9}.Debug|Any CPU.Build.0 = Debug|Any CPU
		{021A2104-38DE-4293-A63F-1F62D45864B9}.Release|Any CPU.ActiveCfg = Release|Any CPU
		{021A2104-38DE-4293-A63F-1F62D45864B9}.Release|Any CPU.Build.0 = Release|Any CPU
		{59B70CAE-C3BF-4AA9-920B-864C1FD242F8}.Debug|Any CPU.ActiveCfg = Debug|Any CPU
		{59B70CAE-C3BF-4AA9-920B-864C1FD242F8}.Debug|Any CPU.Build.0 = Debug|Any CPU
		{59B70CAE-C3BF-4AA9-920B-864C1FD242F8}.Release|Any CPU.ActiveCfg = Release|Any CPU
		{59B70CAE-C3BF-4AA9-920B-864C1FD242F8}.Release|Any CPU.Build.0 = Release|Any CPU
		{5B7FE3AC-360D-4B44-B75F-440B5F761947}.Debug|Any CPU.ActiveCfg = Debug|Any CPU
		{5B7FE3AC-360D-4B44-B75F-440B5F761947}.Debug|Any CPU.Build.0 = Debug|Any CPU
		{5B7FE3AC-360D-4B44-B75F-440B5F761947}.Release|Any CPU.ActiveCfg = Release|Any CPU
		{5B7FE3AC-360D-4B44-B75F-440B5F761947}.Release|Any CPU.Build.0 = Release|Any CPU
	EndGlobalSection
	GlobalSection(SolutionProperties) = preSolution
		HideSolutionNode = FALSE
	EndGlobalSection
	GlobalSection(ExtensibilityGlobals) = postSolution
		SolutionGuid = {DED928C9-6A7F-4282-B5BF-7A86B52C01C2}
	EndGlobalSection
EndGlobal
